
Microsoft Visual Studio Solution File, Format Version 11.00
# Visual Studio 2010
Project("{F184B08F-C81C-45F6-A57F-5ABD9991F28F}") = "EcoTester", "EcoTester\EcoTester.vbproj", "{4763B883-A271-4D71-BE1A-609DA4C40841}"
EndProject
Project("{FAE04EC0-301F-11D3-BF4B-00C04F79EFBC}") = "Trx_VS2005", "..\..\Framework\Trx_VS2005.csproj", "{F6747FE3-C211-4687-91B4-F44A2FE0EF1E}"
EndProject
Project("{F184B08F-C81C-45F6-A57F-5ABD9991F28F}") = "ISOLib", "..\..\Desarrollo\ISOLib\ISOLib.vbproj", "{C813EF62-09BE-4D52-B475-50B28689999F}"
EndProject
Project("{F184B08F-C81C-45F6-A57F-5ABD9991F28F}") = "CajaTester", "..\..\Desarrollo\CajaTester\CajaTester.vbproj", "{8B40E726-249A-4122-B868-2BA1FE3A9A0D}"
EndProject
Project("{F184B08F-C81C-45F6-A57F-5ABD9991F28F}") = "IsoLibCaja", "..\..\Desarrollo\IsoLibCaja\IsoLibCaja.vbproj", "{17A529DC-7201-43F2-93FA-CE6E8067CB50}"
EndProject
Global
	GlobalSection(TeamFoundationVersionControl) = preSolution
		SccNumberOfProjects = 6
		SccEnterpriseProvider = {4CA58AB2-18FA-4F8D-95D4-32DDF27D184C}
		SccTeamFoundationServer = http://tfserver:8080/
		SccProjectUniqueName0 = EcoTester\\EcoTester.vbproj
		SccProjectName0 = EcoTester
		SccLocalPath0 = EcoTester
		SccProjectUniqueName1 = ..\\..\\Framework\\Trx_VS2005.csproj
		SccProjectName1 = ../../Framework
		SccLocalPath1 = ..\\..\\Framework
		SccLocalPath2 = .
		SccProjectUniqueName3 = ..\\..\\Desarrollo\\ISOLib\\ISOLib.vbproj
		SccProjectName3 = ../../Desarrollo/ISOLib
		SccLocalPath3 = ..\\..\\Desarrollo\\ISOLib
		SccProjectUniqueName4 = ..\\..\\Desarrollo\\CajaTester\\CajaTester.vbproj
		SccProjectName4 = ../../Desarrollo/CajaTester
		SccLocalPath4 = ..\\..\\Desarrollo\\CajaTester
		SccProjectUniqueName5 = ..\\..\\Desarrollo\\IsoLibCaja\\IsoLibCaja.vbproj
		SccProjectName5 = ../../Desarrollo/IsoLibCaja
		SccLocalPath5 = ..\\..\\Desarrollo\\IsoLibCaja
	EndGlobalSection
	GlobalSection(SolutionConfigurationPlatforms) = preSolution
		Debug|.NET = Debug|.NET
		Debug|Any CPU = Debug|Any CPU
		Debug|Mixed Platforms = Debug|Mixed Platforms
		Debug|x86 = Debug|x86
		Release|.NET = Release|.NET
		Release|Any CPU = Release|Any CPU
		Release|Mixed Platforms = Release|Mixed Platforms
		Release|x86 = Release|x86
	EndGlobalSection
	GlobalSection(ProjectConfigurationPlatforms) = postSolution
		{4763B883-A271-4D71-BE1A-609DA4C40841}.Debug|.NET.ActiveCfg = Debug|Any CPU
		{4763B883-A271-4D71-BE1A-609DA4C40841}.Debug|Any CPU.ActiveCfg = Debug|Any CPU
		{4763B883-A271-4D71-BE1A-609DA4C40841}.Debug|Any CPU.Build.0 = Debug|Any CPU
		{4763B883-A271-4D71-BE1A-609DA4C40841}.Debug|Mixed Platforms.ActiveCfg = Debug|Any CPU
		{4763B883-A271-4D71-BE1A-609DA4C40841}.Debug|Mixed Platforms.Build.0 = Debug|Any CPU
		{4763B883-A271-4D71-BE1A-609DA4C40841}.Debug|x86.ActiveCfg = Debug|Any CPU
		{4763B883-A271-4D71-BE1A-609DA4C40841}.Release|.NET.ActiveCfg = Release|Any CPU
		{4763B883-A271-4D71-BE1A-609DA4C40841}.Release|Any CPU.ActiveCfg = Release|Any CPU
		{4763B883-A271-4D71-BE1A-609DA4C40841}.Release|Any CPU.Build.0 = Release|Any CPU
		{4763B883-A271-4D71-BE1A-609DA4C40841}.Release|Mixed Platforms.ActiveCfg = Release|Any CPU
		{4763B883-A271-4D71-BE1A-609DA4C40841}.Release|Mixed Platforms.Build.0 = Release|Any CPU
		{4763B883-A271-4D71-BE1A-609DA4C40841}.Release|x86.ActiveCfg = Release|Any CPU
		{F6747FE3-C211-4687-91B4-F44A2FE0EF1E}.Debug|.NET.ActiveCfg = Debug|Any CPU
		{F6747FE3-C211-4687-91B4-F44A2FE0EF1E}.Debug|Any CPU.ActiveCfg = Debug|Any CPU
		{F6747FE3-C211-4687-91B4-F44A2FE0EF1E}.Debug|Any CPU.Build.0 = Debug|Any CPU
		{F6747FE3-C211-4687-91B4-F44A2FE0EF1E}.Debug|Mixed Platforms.ActiveCfg = Debug|Any CPU
		{F6747FE3-C211-4687-91B4-F44A2FE0EF1E}.Debug|Mixed Platforms.Build.0 = Debug|Any CPU
		{F6747FE3-C211-4687-91B4-F44A2FE0EF1E}.Debug|x86.ActiveCfg = Debug|Any CPU
		{F6747FE3-C211-4687-91B4-F44A2FE0EF1E}.Release|.NET.ActiveCfg = Release|Any CPU
		{F6747FE3-C211-4687-91B4-F44A2FE0EF1E}.Release|Any CPU.ActiveCfg = Release|Any CPU
		{F6747FE3-C211-4687-91B4-F44A2FE0EF1E}.Release|Any CPU.Build.0 = Release|Any CPU
		{F6747FE3-C211-4687-91B4-F44A2FE0EF1E}.Release|Mixed Platforms.ActiveCfg = Release|Any CPU
		{F6747FE3-C211-4687-91B4-F44A2FE0EF1E}.Release|Mixed Platforms.Build.0 = Release|Any CPU
		{F6747FE3-C211-4687-91B4-F44A2FE0EF1E}.Release|x86.ActiveCfg = Release|Any CPU
		{C813EF62-09BE-4D52-B475-50B28689999F}.Debug|.NET.ActiveCfg = Debug|Any CPU
		{C813EF62-09BE-4D52-B475-50B28689999F}.Debug|Any CPU.ActiveCfg = Debug|Any CPU
		{C813EF62-09BE-4D52-B475-50B28689999F}.Debug|Any CPU.Build.0 = Debug|Any CPU
		{C813EF62-09BE-4D52-B475-50B28689999F}.Debug|Mixed Platforms.ActiveCfg = Debug|Any CPU
		{C813EF62-09BE-4D52-B475-50B28689999F}.Debug|Mixed Platforms.Build.0 = Debug|Any CPU
		{C813EF62-09BE-4D52-B475-50B28689999F}.Debug|x86.ActiveCfg = Debug|Any CPU
		{C813EF62-09BE-4D52-B475-50B28689999F}.Release|.NET.ActiveCfg = Release|Any CPU
		{C813EF62-09BE-4D52-B475-50B28689999F}.Release|Any CPU.ActiveCfg = Release|Any CPU
		{C813EF62-09BE-4D52-B475-50B28689999F}.Release|Any CPU.Build.0 = Release|Any CPU
		{C813EF62-09BE-4D52-B475-50B28689999F}.Release|Mixed Platforms.ActiveCfg = Release|Any CPU
		{C813EF62-09BE-4D52-B475-50B28689999F}.Release|Mixed Platforms.Build.0 = Release|Any CPU
		{C813EF62-09BE-4D52-B475-50B28689999F}.Release|x86.ActiveCfg = Release|Any CPU
		{8B40E726-249A-4122-B868-2BA1FE3A9A0D}.Debug|.NET.ActiveCfg = Debug|x86
		{8B40E726-249A-4122-B868-2BA1FE3A9A0D}.Debug|Any CPU.ActiveCfg = Debug|x86
		{8B40E726-249A-4122-B868-2BA1FE3A9A0D}.Debug|Mixed Platforms.ActiveCfg = Debug|x86
		{8B40E726-249A-4122-B868-2BA1FE3A9A0D}.Debug|Mixed Platforms.Build.0 = Debug|x86
		{8B40E726-249A-4122-B868-2BA1FE3A9A0D}.Debug|x86.ActiveCfg = Debug|x86
		{8B40E726-249A-4122-B868-2BA1FE3A9A0D}.Debug|x86.Build.0 = Debug|x86
		{8B40E726-249A-4122-B868-2BA1FE3A9A0D}.Release|.NET.ActiveCfg = Release|x86
		{8B40E726-249A-4122-B868-2BA1FE3A9A0D}.Release|Any CPU.ActiveCfg = Release|x86
		{8B40E726-249A-4122-B868-2BA1FE3A9A0D}.Release|Mixed Platforms.ActiveCfg = Release|x86
		{8B40E726-249A-4122-B868-2BA1FE3A9A0D}.Release|Mixed Platforms.Build.0 = Release|x86
		{8B40E726-249A-4122-B868-2BA1FE3A9A0D}.Release|x86.ActiveCfg = Release|x86
		{8B40E726-249A-4122-B868-2BA1FE3A9A0D}.Release|x86.Build.0 = Release|x86
		{17A529DC-7201-43F2-93FA-CE6E8067CB50}.Debug|.NET.ActiveCfg = Debug|Any CPU
		{17A529DC-7201-43F2-93FA-CE6E8067CB50}.Debug|Any CPU.ActiveCfg = Debug|Any CPU
		{17A529DC-7201-43F2-93FA-CE6E8067CB50}.Debug|Any CPU.Build.0 = Debug|Any CPU
		{17A529DC-7201-43F2-93FA-CE6E8067CB50}.Debug|Mixed Platforms.ActiveCfg = Debug|Any CPU
		{17A529DC-7201-43F2-93FA-CE6E8067CB50}.Debug|Mixed Platforms.Build.0 = Debug|Any CPU
		{17A529DC-7201-43F2-93FA-CE6E8067CB50}.Debug|x86.ActiveCfg = Debug|Any CPU
		{17A529DC-7201-43F2-93FA-CE6E8067CB50}.Release|.NET.ActiveCfg = Release|Any CPU
		{17A529DC-7201-43F2-93FA-CE6E8067CB50}.Release|Any CPU.ActiveCfg = Release|Any CPU
		{17A529DC-7201-43F2-93FA-CE6E8067CB50}.Release|Any CPU.Build.0 = Release|Any CPU
		{17A529DC-7201-43F2-93FA-CE6E8067CB50}.Release|Mixed Platforms.ActiveCfg = Release|Any CPU
		{17A529DC-7201-43F2-93FA-CE6E8067CB50}.Release|Mixed Platforms.Build.0 = Release|Any CPU
		{17A529DC-7201-43F2-93FA-CE6E8067CB50}.Release|x86.ActiveCfg = Release|Any CPU
	EndGlobalSection
	GlobalSection(SolutionProperties) = preSolution
		HideSolutionNode = FALSE
	EndGlobalSection
EndGlobal
